hash: 81c21dc218d8f3ac1b05dc972e62a18d361e7dd096d1d86501ec43c353e31e87
updated: 2016-08-23T14:31:05.515733594+03:00
imports:
- name: gopkg.in/alecthomas/kingpin.v2
  version: e5900212cbf65b181d3d8e08308ef06a01d117cf
testImports:
- name: github.com/stretchr/testify
  version: f390dcf405f7b83c997eac1b06768bb9f44dec18
  subpackages:
  - mock
- name: gopkg.in/check.v1
  version: 4f90aeace3a26ad7021961c297b22c42160c7b25
